
Microsoft Visual Studio Solution File, Format Version 12.00
# Visual Studio Version 17
VisualStudioVersion = 17.11.35219.272
MinimumVisualStudioVersion = 10.0.40219.1
Project("{FAE04EC0-301F-11D3-BF4B-00C04F79EFBC}") = "MetodoBurbuja", "MetodoBurbuja\MetodoBurbuja.csproj", "{DFF6B36B-4780-4619-8AF8-C7B7CDD26BAE}"
EndProject
Global
	GlobalSection(SolutionConfigurationPlatforms) = preSolution
		Debug|Any CPU = Debug|Any CPU
		Release|Any CPU = Release|Any CPU
	EndGlobalSection
	GlobalSection(ProjectConfigurationPlatforms) = postSolution
		{DFF6B36B-4780-4619-8AF8-C7B7CDD26BAE}.Debug|Any CPU.ActiveCfg = Debug|Any CPU
		{DFF6B36B-4780-4619-8AF8-C7B7CDD26BAE}.Debug|Any CPU.Build.0 = Debug|Any CPU
		{DFF6B36B-4780-4619-8AF8-C7B7CDD26BAE}.Release|Any CPU.ActiveCfg = Release|Any CPU
		{DFF6B36B-4780-4619-8AF8-C7B7CDD26BAE}.Release|Any CPU.Build.0 = Release|Any CPU
	EndGlobalSection
	GlobalSection(SolutionProperties) = preSolution
		HideSolutionNode = FALSE
	EndGlobalSection
	GlobalSection(ExtensibilityGlobals) = postSolution
		SolutionGuid = {F6995BBF-6C5D-4B67-BFCD-F9959DECB635}
	EndGlobalSection
EndGlobal
